
Microsoft Visual Studio Solution File, Format Version 11.00
# Visual Studio 2010
Project("{FAE04EC0-301F-11D3-BF4B-00C04F79EFBC}") = "NEmplode", "Src\NEmplode\NEmplode.csproj", "{67A732AE-9B33-40E2-A00A-AB88C9579E39}"
EndProject
Project("{2150E333-8FDC-42A3-9474-1A3956D46DE8}") = "Spikes", "Spikes", "{D5804BEF-F1EA-4305-87FA-EA73E7A988A1}"
EndProject
Project("{FAE04EC0-301F-11D3-BF4B-00C04F79EFBC}") = "NEmplode.Discovery", "Src\Spikes\NEmplode.Discovery\NEmplode.Discovery.csproj", "{F62A8F68-EDCC-4887-BB8D-DEEE4409CF22}"
EndProject
Project("{FAE04EC0-301F-11D3-BF4B-00C04F79EFBC}") = "NEmplode.Download", "Src\Spikes\NEmplode.Download\NEmplode.Download.csproj", "{3AF0CA62-894D-44FE-AA2F-4389B6283790}"
EndProject
Project("{FAE04EC0-301F-11D3-BF4B-00C04F79EFBC}") = "NEmplode.Model", "Src\NEmplode.Model\NEmplode.Model.csproj", "{C3B64AF0-022B-4F91-AAB3-391433926709}"
EndProject
Project("{FAE04EC0-301F-11D3-BF4B-00C04F79EFBC}") = "NEmplode.Core", "Src\NEmplode.Core\NEmplode.Core.csproj", "{96C3A2F7-E1F5-4967-ADE9-03AED20CE121}"
EndProject
Project("{FAE04EC0-301F-11D3-BF4B-00C04F79EFBC}") = "NEmplode.EmpegCar.Model", "Src\NEmplode.EmpegCar.Model\NEmplode.EmpegCar.Model.csproj", "{09D80325-B021-47F8-9317-0B1BBC26AE0D}"
EndProject
Project("{FAE04EC0-301F-11D3-BF4B-00C04F79EFBC}") = "NEmplode.EmpegCar", "Src\NEmplode.EmpegCar\NEmplode.EmpegCar.csproj", "{0B9D48FA-1B66-4A5E-80EC-F091FD55EFD8}"
EndProject
Project("{FAE04EC0-301F-11D3-BF4B-00C04F79EFBC}") = "NEmplode.Sync", "Src\NEmplode.Sync\NEmplode.Sync.csproj", "{9E3F7EC6-966C-44CB-9E4F-685BB1565315}"
EndProject
Project("{FAE04EC0-301F-11D3-BF4B-00C04F79EFBC}") = "NEmplode.IO", "Src\NEmplode.IO\NEmplode.IO.csproj", "{615F54D4-DC17-44E3-B682-04CDDF824937}"
EndProject
Global
	GlobalSection(SolutionConfigurationPlatforms) = preSolution
		Debug|Any CPU = Debug|Any CPU
		Release|Any CPU = Release|Any CPU
	EndGlobalSection
	GlobalSection(ProjectConfigurationPlatforms) = postSolution
		{67A732AE-9B33-40E2-A00A-AB88C9579E39}.Debug|Any CPU.ActiveCfg = Debug|Any CPU
		{67A732AE-9B33-40E2-A00A-AB88C9579E39}.Debug|Any CPU.Build.0 = Debug|Any CPU
		{67A732AE-9B33-40E2-A00A-AB88C9579E39}.Release|Any CPU.ActiveCfg = Release|Any CPU
		{67A732AE-9B33-40E2-A00A-AB88C9579E39}.Release|Any CPU.Build.0 = Release|Any CPU
		{F62A8F68-EDCC-4887-BB8D-DEEE4409CF22}.Debug|Any CPU.ActiveCfg = Debug|Any CPU
		{F62A8F68-EDCC-4887-BB8D-DEEE4409CF22}.Debug|Any CPU.Build.0 = Debug|Any CPU
		{F62A8F68-EDCC-4887-BB8D-DEEE4409CF22}.Release|Any CPU.ActiveCfg = Release|Any CPU
		{F62A8F68-EDCC-4887-BB8D-DEEE4409CF22}.Release|Any CPU.Build.0 = Release|Any CPU
		{3AF0CA62-894D-44FE-AA2F-4389B6283790}.Debug|Any CPU.ActiveCfg = Debug|Any CPU
		{3AF0CA62-894D-44FE-AA2F-4389B6283790}.Debug|Any CPU.Build.0 = Debug|Any CPU
		{3AF0CA62-894D-44FE-AA2F-4389B6283790}.Release|Any CPU.ActiveCfg = Release|Any CPU
		{3AF0CA62-894D-44FE-AA2F-4389B6283790}.Release|Any CPU.Build.0 = Release|Any CPU
		{C3B64AF0-022B-4F91-AAB3-391433926709}.Debug|Any CPU.ActiveCfg = Debug|Any CPU
		{C3B64AF0-022B-4F91-AAB3-391433926709}.Debug|Any CPU.Build.0 = Debug|Any CPU
		{C3B64AF0-022B-4F91-AAB3-391433926709}.Release|Any CPU.ActiveCfg = Release|Any CPU
		{C3B64AF0-022B-4F91-AAB3-391433926709}.Release|Any CPU.Build.0 = Release|Any CPU
		{96C3A2F7-E1F5-4967-ADE9-03AED20CE121}.Debug|Any CPU.ActiveCfg = Debug|Any CPU
		{96C3A2F7-E1F5-4967-ADE9-03AED20CE121}.Debug|Any CPU.Build.0 = Debug|Any CPU
		{96C3A2F7-E1F5-4967-ADE9-03AED20CE121}.Release|Any CPU.ActiveCfg = Release|Any CPU
		{96C3A2F7-E1F5-4967-ADE9-03AED20CE121}.Release|Any CPU.Build.0 = Release|Any CPU
		{09D80325-B021-47F8-9317-0B1BBC26AE0D}.Debug|Any CPU.ActiveCfg = Debug|Any CPU
		{09D80325-B021-47F8-9317-0B1BBC26AE0D}.Debug|Any CPU.Build.0 = Debug|Any CPU
		{09D80325-B021-47F8-9317-0B1BBC26AE0D}.Release|Any CPU.ActiveCfg = Release|Any CPU
		{09D80325-B021-47F8-9317-0B1BBC26AE0D}.Release|Any CPU.Build.0 = Release|Any CPU
		{0B9D48FA-1B66-4A5E-80EC-F091FD55EFD8}.Debug|Any CPU.ActiveCfg = Debug|Any CPU
		{0B9D48FA-1B66-4A5E-80EC-F091FD55EFD8}.Debug|Any CPU.Build.0 = Debug|Any CPU
		{0B9D48FA-1B66-4A5E-80EC-F091FD55EFD8}.Release|Any CPU.ActiveCfg = Release|Any CPU
		{0B9D48FA-1B66-4A5E-80EC-F091FD55EFD8}.Release|Any CPU.Build.0 = Release|Any CPU
		{9E3F7EC6-966C-44CB-9E4F-685BB1565315}.Debug|Any CPU.ActiveCfg = Debug|Any CPU
		{9E3F7EC6-966C-44CB-9E4F-685BB1565315}.Debug|Any CPU.Build.0 = Debug|Any CPU
		{9E3F7EC6-966C-44CB-9E4F-685BB1565315}.Release|Any CPU.ActiveCfg = Release|Any CPU
		{9E3F7EC6-966C-44CB-9E4F-685BB1565315}.Release|Any CPU.Build.0 = Release|Any CPU
		{615F54D4-DC17-44E3-B682-04CDDF824937}.Debug|Any CPU.ActiveCfg = Debug|Any CPU
		{615F54D4-DC17-44E3-B682-04CDDF824937}.Debug|Any CPU.Build.0 = Debug|Any CPU
		{615F54D4-DC17-44E3-B682-04CDDF824937}.Release|Any CPU.ActiveCfg = Release|Any CPU
		{615F54D4-DC17-44E3-B682-04CDDF824937}.Release|Any CPU.Build.0 = Release|Any CPU
	EndGlobalSection
	GlobalSection(SolutionProperties) = preSolution
		HideSolutionNode = FALSE
	EndGlobalSection
	GlobalSection(NestedProjects) = preSolution
		{F62A8F68-EDCC-4887-BB8D-DEEE4409CF22} = {D5804BEF-F1EA-4305-87FA-EA73E7A988A1}
		{3AF0CA62-894D-44FE-AA2F-4389B6283790} = {D5804BEF-F1EA-4305-87FA-EA73E7A988A1}
	EndGlobalSection
EndGlobal
